
Microsoft Visual Studio Solution File, Format Version 12.00
# 
Project("{FAE04EC0-301F-11D3-BF4B-00C04F79EFBC}") = "DarkChessLogic", "DarkChessLogic\DarkChessLogic.csproj", "{C8E7CEAB-7463-4BB6-A69E-BABE03C9898A}"
EndProject
Project("{FAE04EC0-301F-11D3-BF4B-00C04F79EFBC}") = "DarkChessCore", "DarkChessCore\DarkChessCore.csproj", "{5834AE3B-4C70-408F-9143-9F81F152163E}"
EndProject
Project("{FAE04EC0-301F-11D3-BF4B-00C04F79EFBC}") = "DarkChessTests", "DarkChessTests\DarkChessTests.csproj", "{26CDDCF7-C67B-4EDE-9129-BC0E01DFD546}"
EndProject
Project("{2150E333-8FDC-42A3-9474-1A3956D46DE8}") = "DarkChessUiRule", "DarkChessUiRule", "{0EFA3D12-7CC1-49E1-BEC0-0E0613D0202A}"
EndProject
Project("{FAE04EC0-301F-11D3-BF4B-00C04F79EFBC}") = "DarkChessUI", "DarkChessUiRule\DarkChessUI\DarkChessUI.csproj", "{37F26F17-48F0-46FA-9657-821DF5B6D791}"
EndProject
Project("{FAE04EC0-301F-11D3-BF4B-00C04F79EFBC}") = "DarkChessUITests", "DarkChessUiRule\DarkChessUITests\DarkChessUITests.csproj", "{8E40AE7F-A922-4F75-935F-5B849145FBBE}"
EndProject
Global
	GlobalSection(SolutionConfigurationPlatforms) = preSolution
		Debug|Any CPU = Debug|Any CPU
		Release|Any CPU = Release|Any CPU
	EndGlobalSection
	GlobalSection(ProjectConfigurationPlatforms) = postSolution
		{C8E7CEAB-7463-4BB6-A69E-BABE03C9898A}.Debug|Any CPU.ActiveCfg = Debug|Any CPU
		{C8E7CEAB-7463-4BB6-A69E-BABE03C9898A}.Debug|Any CPU.Build.0 = Debug|Any CPU
		{C8E7CEAB-7463-4BB6-A69E-BABE03C9898A}.Release|Any CPU.ActiveCfg = Release|Any CPU
		{C8E7CEAB-7463-4BB6-A69E-BABE03C9898A}.Release|Any CPU.Build.0 = Release|Any CPU
		{5834AE3B-4C70-408F-9143-9F81F152163E}.Debug|Any CPU.ActiveCfg = Debug|Any CPU
		{5834AE3B-4C70-408F-9143-9F81F152163E}.Debug|Any CPU.Build.0 = Debug|Any CPU
		{5834AE3B-4C70-408F-9143-9F81F152163E}.Release|Any CPU.ActiveCfg = Release|Any CPU
		{5834AE3B-4C70-408F-9143-9F81F152163E}.Release|Any CPU.Build.0 = Release|Any CPU
		{26CDDCF7-C67B-4EDE-9129-BC0E01DFD546}.Debug|Any CPU.ActiveCfg = Debug|Any CPU
		{26CDDCF7-C67B-4EDE-9129-BC0E01DFD546}.Debug|Any CPU.Build.0 = Debug|Any CPU
		{26CDDCF7-C67B-4EDE-9129-BC0E01DFD546}.Release|Any CPU.ActiveCfg = Release|Any CPU
		{26CDDCF7-C67B-4EDE-9129-BC0E01DFD546}.Release|Any CPU.Build.0 = Release|Any CPU
		{37F26F17-48F0-46FA-9657-821DF5B6D791}.Debug|Any CPU.ActiveCfg = Debug|Any CPU
		{37F26F17-48F0-46FA-9657-821DF5B6D791}.Debug|Any CPU.Build.0 = Debug|Any CPU
		{37F26F17-48F0-46FA-9657-821DF5B6D791}.Release|Any CPU.ActiveCfg = Release|Any CPU
		{37F26F17-48F0-46FA-9657-821DF5B6D791}.Release|Any CPU.Build.0 = Release|Any CPU
		{8E40AE7F-A922-4F75-935F-5B849145FBBE}.Debug|Any CPU.ActiveCfg = Debug|Any CPU
		{8E40AE7F-A922-4F75-935F-5B849145FBBE}.Debug|Any CPU.Build.0 = Debug|Any CPU
		{8E40AE7F-A922-4F75-935F-5B849145FBBE}.Release|Any CPU.ActiveCfg = Release|Any CPU
		{8E40AE7F-A922-4F75-935F-5B849145FBBE}.Release|Any CPU.Build.0 = Release|Any CPU
	EndGlobalSection
	GlobalSection(NestedProjects) = preSolution
		{37F26F17-48F0-46FA-9657-821DF5B6D791} = {0EFA3D12-7CC1-49E1-BEC0-0E0613D0202A}
		{8E40AE7F-A922-4F75-935F-5B849145FBBE} = {0EFA3D12-7CC1-49E1-BEC0-0E0613D0202A}
	EndGlobalSection
EndGlobal
