
Microsoft Visual Studio Solution File, Format Version 12.00
Project("{FAE04EC0-301F-11D3-BF4B-00C04F79EFBC}") = "DarkChessLogic", "DarkChessLogic\DarkChessLogic.csproj", "{C8E7CEAB-7463-4BB6-A69E-BABE03C9898A}"
EndProject
Project("{FAE04EC0-301F-11D3-BF4B-00C04F79EFBC}") = "DarkChessCore", "DarkChessCore\DarkChessCore.csproj", "{19A6969A-03A3-4C59-A4DA-178AF4A9B673}"
EndProject
Project("{FAE04EC0-301F-11D3-BF4B-00C04F79EFBC}") = "DarkChessTests", "DarkChessTests\DarkChessTests.csproj", "{37BE81BE-7B60-4BAB-BF55-932E6AA63D5D}"
EndProject
Project("{FAE04EC0-301F-11D3-BF4B-00C04F79EFBC}") = "DarkChessUI", "DarkChessUiRule\DarkChessUI\DarkChessUI.csproj", "{CC500493-81D3-4312-A7F7-791256737BC7}"
EndProject
Project("{FAE04EC0-301F-11D3-BF4B-00C04F79EFBC}") = "DarkChessUITests", "DarkChessUiRule\DarkChessUITests\DarkChessUITests.csproj", "{C72DEB15-8CDC-498E-A3DE-7F0E8E6C2F29}"
EndProject
Global
	GlobalSection(SolutionConfigurationPlatforms) = preSolution
		Debug|Any CPU = Debug|Any CPU
		Release|Any CPU = Release|Any CPU
	EndGlobalSection
	GlobalSection(ProjectConfigurationPlatforms) = postSolution
		{C8E7CEAB-7463-4BB6-A69E-BABE03C9898A}.Debug|Any CPU.ActiveCfg = Debug|Any CPU
		{C8E7CEAB-7463-4BB6-A69E-BABE03C9898A}.Debug|Any CPU.Build.0 = Debug|Any CPU
		{C8E7CEAB-7463-4BB6-A69E-BABE03C9898A}.Release|Any CPU.ActiveCfg = Release|Any CPU
		{C8E7CEAB-7463-4BB6-A69E-BABE03C9898A}.Release|Any CPU.Build.0 = Release|Any CPU
		{19A6969A-03A3-4C59-A4DA-178AF4A9B673}.Debug|Any CPU.ActiveCfg = Debug|Any CPU
		{19A6969A-03A3-4C59-A4DA-178AF4A9B673}.Debug|Any CPU.Build.0 = Debug|Any CPU
		{19A6969A-03A3-4C59-A4DA-178AF4A9B673}.Release|Any CPU.ActiveCfg = Release|Any CPU
		{19A6969A-03A3-4C59-A4DA-178AF4A9B673}.Release|Any CPU.Build.0 = Release|Any CPU
		{37BE81BE-7B60-4BAB-BF55-932E6AA63D5D}.Debug|Any CPU.ActiveCfg = Debug|Any CPU
		{37BE81BE-7B60-4BAB-BF55-932E6AA63D5D}.Debug|Any CPU.Build.0 = Debug|Any CPU
		{37BE81BE-7B60-4BAB-BF55-932E6AA63D5D}.Release|Any CPU.ActiveCfg = Release|Any CPU
		{37BE81BE-7B60-4BAB-BF55-932E6AA63D5D}.Release|Any CPU.Build.0 = Release|Any CPU
		{CC500493-81D3-4312-A7F7-791256737BC7}.Debug|Any CPU.ActiveCfg = Debug|Any CPU
		{CC500493-81D3-4312-A7F7-791256737BC7}.Debug|Any CPU.Build.0 = Debug|Any CPU
		{CC500493-81D3-4312-A7F7-791256737BC7}.Release|Any CPU.ActiveCfg = Release|Any CPU
		{CC500493-81D3-4312-A7F7-791256737BC7}.Release|Any CPU.Build.0 = Release|Any CPU
		{C72DEB15-8CDC-498E-A3DE-7F0E8E6C2F29}.Debug|Any CPU.ActiveCfg = Debug|Any CPU
		{C72DEB15-8CDC-498E-A3DE-7F0E8E6C2F29}.Debug|Any CPU.Build.0 = Debug|Any CPU
		{C72DEB15-8CDC-498E-A3DE-7F0E8E6C2F29}.Release|Any CPU.ActiveCfg = Release|Any CPU
		{C72DEB15-8CDC-498E-A3DE-7F0E8E6C2F29}.Release|Any CPU.Build.0 = Release|Any CPU
	EndGlobalSection
EndGlobal
